
Microsoft Visual Studio Solution File, Format Version 12.00
# Visual Studio Version 17
VisualStudioVersion = 17.6.33829.357
MinimumVisualStudioVersion = 10.0.40219.1
Project("{2150E333-8FDC-42A3-9474-1A3956D46DE8}") = "src", "src", "{5D4356F3-B10E-42A4-9B89-4C64B852386A}"
EndProject
Project("{2150E333-8FDC-42A3-9474-1A3956D46DE8}") = "BuildingBlocks", "BuildingBlocks", "{821548EA-40FE-4937-9EC9-DE1D16CE1954}"
EndProject
Project("{2150E333-8FDC-42A3-9474-1A3956D46DE8}") = "Services", "Services", "{FD0D0BB4-8CD3-4022-9BFC-0F3471DF75E8}"
EndProject
Project("{2150E333-8FDC-42A3-9474-1A3956D46DE8}") = "Web", "Web", "{1F39FB94-451B-434C-8CD1-3574CF397F86}"
EndProject
Project("{2150E333-8FDC-42A3-9474-1A3956D46DE8}") = "Autenticacao", "Autenticacao", "{92AAD777-5D73-422E-B303-B7ADECE75F21}"
EndProject
Project("{2150E333-8FDC-42A3-9474-1A3956D46DE8}") = "MVC", "MVC", "{D975C8CA-07F8-402F-AFAF-7837B2B1D805}"
EndProject
Project("{2150E333-8FDC-42A3-9474-1A3956D46DE8}") = "Core", "Core", "{F3AC2218-0C5D-4535-9951-32F6951A985E}"
EndProject
Project("{2150E333-8FDC-42A3-9474-1A3956D46DE8}") = "Pedido", "Pedido", "{DF4CECDB-1CA7-4BAB-B21F-D05093F71C0E}"
EndProject
Project("{2150E333-8FDC-42A3-9474-1A3956D46DE8}") = "Pagamento", "Pagamento", "{506C83CB-8630-41F9-B341-28EED939B0B1}"
EndProject
Project("{2150E333-8FDC-42A3-9474-1A3956D46DE8}") = "Cliente", "Cliente", "{E48D7308-E332-4160-97D3-5FDC7ECB9D4D}"
EndProject
Project("{2150E333-8FDC-42A3-9474-1A3956D46DE8}") = "Catalogo", "Catalogo", "{12CFBAB4-2026-4DB2-B91B-35BAF102CD20}"
EndProject
Project("{2150E333-8FDC-42A3-9474-1A3956D46DE8}") = "Carrinho", "Carrinho", "{BF9A0EFB-E113-4A97-9FEE-8559607BEEEA}"
EndProject
Project("{FAE04EC0-301F-11D3-BF4B-00C04F79EFBC}") = "PHNSE.Autenticacao.API", "src\services\PHNSE.Autenticacao.API\PHNSE.Autenticacao.API.csproj", "{E2BB6E07-DEB2-4EA0-BE83-862D70DE678E}"
EndProject
Project("{FAE04EC0-301F-11D3-BF4B-00C04F79EFBC}") = "PHNSE.Catalogo.API", "src\services\PHNSE.Catalogo.API\PHNSE.Catalogo.API.csproj", "{1305AAB6-C53C-4A7A-8241-7B152E9BBA21}"
EndProject
Project("{FAE04EC0-301F-11D3-BF4B-00C04F79EFBC}") = "PHNSE.Carrinho.API", "src\services\PHNSE.Carrinho.API\PHNSE.Carrinho.API.csproj", "{AA2EEC95-62F4-4EC7-8085-C97ACC236674}"
EndProject
Project("{FAE04EC0-301F-11D3-BF4B-00C04F79EFBC}") = "PHNSE.Cliente.API", "src\services\PHNSE.Cliente.API\PHNSE.Cliente.API.csproj", "{6093FF9B-9983-4B52-9913-38C563AE5CF0}"
EndProject
Project("{FAE04EC0-301F-11D3-BF4B-00C04F79EFBC}") = "PHNSE.Pagamento.API", "src\services\PHNSE.Pagamento.API\PHNSE.Pagamento.API.csproj", "{C267198A-2563-4C72-BEDB-BBA25CC93C9B}"
EndProject
Project("{FAE04EC0-301F-11D3-BF4B-00C04F79EFBC}") = "PHNSE.Pedido.API", "src\services\PHNSE.Pedido.API\PHNSE.Pedido.API.csproj", "{B8BC5548-4E6F-44F2-BAAA-FC96D3DBFD2D}"
EndProject
Project("{FAE04EC0-301F-11D3-BF4B-00C04F79EFBC}") = "PHNSE.WebApp.MVC", "src\web\PHNSE.WebApp.MVC\PHNSE.WebApp.MVC.csproj", "{92B799B7-B9E9-48A5-8DFE-6EAB6D72AA3A}"
EndProject
Project("{FAE04EC0-301F-11D3-BF4B-00C04F79EFBC}") = "PHNSE.Core", "src\building-blocks\PHNSE.Core\PHNSE.Core.csproj", "{225DE07E-8A5C-4C48-9264-0062CDEFFBB4}"
EndProject
Global
	GlobalSection(SolutionConfigurationPlatforms) = preSolution
		Debug|Any CPU = Debug|Any CPU
		Release|Any CPU = Release|Any CPU
	EndGlobalSection
	GlobalSection(ProjectConfigurationPlatforms) = postSolution
		{E2BB6E07-DEB2-4EA0-BE83-862D70DE678E}.Debug|Any CPU.ActiveCfg = Debug|Any CPU
		{E2BB6E07-DEB2-4EA0-BE83-862D70DE678E}.Debug|Any CPU.Build.0 = Debug|Any CPU
		{E2BB6E07-DEB2-4EA0-BE83-862D70DE678E}.Release|Any CPU.ActiveCfg = Release|Any CPU
		{E2BB6E07-DEB2-4EA0-BE83-862D70DE678E}.Release|Any CPU.Build.0 = Release|Any CPU
		{1305AAB6-C53C-4A7A-8241-7B152E9BBA21}.Debug|Any CPU.ActiveCfg = Debug|Any CPU
		{1305AAB6-C53C-4A7A-8241-7B152E9BBA21}.Debug|Any CPU.Build.0 = Debug|Any CPU
		{1305AAB6-C53C-4A7A-8241-7B152E9BBA21}.Release|Any CPU.ActiveCfg = Release|Any CPU
		{1305AAB6-C53C-4A7A-8241-7B152E9BBA21}.Release|Any CPU.Build.0 = Release|Any CPU
		{AA2EEC95-62F4-4EC7-8085-C97ACC236674}.Debug|Any CPU.ActiveCfg = Debug|Any CPU
		{AA2EEC95-62F4-4EC7-8085-C97ACC236674}.Debug|Any CPU.Build.0 = Debug|Any CPU
		{AA2EEC95-62F4-4EC7-8085-C97ACC236674}.Release|Any CPU.ActiveCfg = Release|Any CPU
		{AA2EEC95-62F4-4EC7-8085-C97ACC236674}.Release|Any CPU.Build.0 = Release|Any CPU
		{6093FF9B-9983-4B52-9913-38C563AE5CF0}.Debug|Any CPU.ActiveCfg = Debug|Any CPU
		{6093FF9B-9983-4B52-9913-38C563AE5CF0}.Debug|Any CPU.Build.0 = Debug|Any CPU
		{6093FF9B-9983-4B52-9913-38C563AE5CF0}.Release|Any CPU.ActiveCfg = Release|Any CPU
		{6093FF9B-9983-4B52-9913-38C563AE5CF0}.Release|Any CPU.Build.0 = Release|Any CPU
		{C267198A-2563-4C72-BEDB-BBA25CC93C9B}.Debug|Any CPU.ActiveCfg = Debug|Any CPU
		{C267198A-2563-4C72-BEDB-BBA25CC93C9B}.Debug|Any CPU.Build.0 = Debug|Any CPU
		{C267198A-2563-4C72-BEDB-BBA25CC93C9B}.Release|Any CPU.ActiveCfg = Release|Any CPU
		{C267198A-2563-4C72-BEDB-BBA25CC93C9B}.Release|Any CPU.Build.0 = Release|Any CPU
		{B8BC5548-4E6F-44F2-BAAA-FC96D3DBFD2D}.Debug|Any CPU.ActiveCfg = Debug|Any CPU
		{B8BC5548-4E6F-44F2-BAAA-FC96D3DBFD2D}.Debug|Any CPU.Build.0 = Debug|Any CPU
		{B8BC5548-4E6F-44F2-BAAA-FC96D3DBFD2D}.Release|Any CPU.ActiveCfg = Release|Any CPU
		{B8BC5548-4E6F-44F2-BAAA-FC96D3DBFD2D}.Release|Any CPU.Build.0 = Release|Any CPU
		{92B799B7-B9E9-48A5-8DFE-6EAB6D72AA3A}.Debug|Any CPU.ActiveCfg = Debug|Any CPU
		{92B799B7-B9E9-48A5-8DFE-6EAB6D72AA3A}.Debug|Any CPU.Build.0 = Debug|Any CPU
		{92B799B7-B9E9-48A5-8DFE-6EAB6D72AA3A}.Release|Any CPU.ActiveCfg = Release|Any CPU
		{92B799B7-B9E9-48A5-8DFE-6EAB6D72AA3A}.Release|Any CPU.Build.0 = Release|Any CPU
		{225DE07E-8A5C-4C48-9264-0062CDEFFBB4}.Debug|Any CPU.ActiveCfg = Debug|Any CPU
		{225DE07E-8A5C-4C48-9264-0062CDEFFBB4}.Debug|Any CPU.Build.0 = Debug|Any CPU
		{225DE07E-8A5C-4C48-9264-0062CDEFFBB4}.Release|Any CPU.ActiveCfg = Release|Any CPU
		{225DE07E-8A5C-4C48-9264-0062CDEFFBB4}.Release|Any CPU.Build.0 = Release|Any CPU
	EndGlobalSection
	GlobalSection(SolutionProperties) = preSolution
		HideSolutionNode = FALSE
	EndGlobalSection
	GlobalSection(NestedProjects) = preSolution
		{821548EA-40FE-4937-9EC9-DE1D16CE1954} = {5D4356F3-B10E-42A4-9B89-4C64B852386A}
		{FD0D0BB4-8CD3-4022-9BFC-0F3471DF75E8} = {5D4356F3-B10E-42A4-9B89-4C64B852386A}
		{1F39FB94-451B-434C-8CD1-3574CF397F86} = {5D4356F3-B10E-42A4-9B89-4C64B852386A}
		{92AAD777-5D73-422E-B303-B7ADECE75F21} = {FD0D0BB4-8CD3-4022-9BFC-0F3471DF75E8}
		{D975C8CA-07F8-402F-AFAF-7837B2B1D805} = {1F39FB94-451B-434C-8CD1-3574CF397F86}
		{F3AC2218-0C5D-4535-9951-32F6951A985E} = {821548EA-40FE-4937-9EC9-DE1D16CE1954}
		{DF4CECDB-1CA7-4BAB-B21F-D05093F71C0E} = {FD0D0BB4-8CD3-4022-9BFC-0F3471DF75E8}
		{506C83CB-8630-41F9-B341-28EED939B0B1} = {FD0D0BB4-8CD3-4022-9BFC-0F3471DF75E8}
		{E48D7308-E332-4160-97D3-5FDC7ECB9D4D} = {FD0D0BB4-8CD3-4022-9BFC-0F3471DF75E8}
		{12CFBAB4-2026-4DB2-B91B-35BAF102CD20} = {FD0D0BB4-8CD3-4022-9BFC-0F3471DF75E8}
		{BF9A0EFB-E113-4A97-9FEE-8559607BEEEA} = {FD0D0BB4-8CD3-4022-9BFC-0F3471DF75E8}
		{E2BB6E07-DEB2-4EA0-BE83-862D70DE678E} = {92AAD777-5D73-422E-B303-B7ADECE75F21}
		{1305AAB6-C53C-4A7A-8241-7B152E9BBA21} = {12CFBAB4-2026-4DB2-B91B-35BAF102CD20}
		{AA2EEC95-62F4-4EC7-8085-C97ACC236674} = {BF9A0EFB-E113-4A97-9FEE-8559607BEEEA}
		{6093FF9B-9983-4B52-9913-38C563AE5CF0} = {E48D7308-E332-4160-97D3-5FDC7ECB9D4D}
		{C267198A-2563-4C72-BEDB-BBA25CC93C9B} = {506C83CB-8630-41F9-B341-28EED939B0B1}
		{B8BC5548-4E6F-44F2-BAAA-FC96D3DBFD2D} = {DF4CECDB-1CA7-4BAB-B21F-D05093F71C0E}
		{92B799B7-B9E9-48A5-8DFE-6EAB6D72AA3A} = {D975C8CA-07F8-402F-AFAF-7837B2B1D805}
		{225DE07E-8A5C-4C48-9264-0062CDEFFBB4} = {F3AC2218-0C5D-4535-9951-32F6951A985E}
	EndGlobalSection
	GlobalSection(ExtensibilityGlobals) = postSolution
		SolutionGuid = {95741979-21AA-43F8-AD5B-CE9A17A44884}
	EndGlobalSection
EndGlobal
